
Microsoft Visual Studio Solution File, Format Version 12.00
# Visual Studio Version 17
VisualStudioVersion = 17.1.32210.238
MinimumVisualStudioVersion = 10.0.40219.1
Project("{FAE04EC0-301F-11D3-BF4B-00C04F79EFBC}") = "ParkyAPI", "ParkyAPI\ParkyAPI.csproj", "{9B97B340-ED9E-47CB-8BAE-BD2F6F59B80C}"
EndProject
Global
	GlobalSection(SolutionConfigurationPlatforms) = preSolution
		Debug|Any CPU = Debug|Any CPU
		Release|Any CPU = Release|Any CPU
	EndGlobalSection
	GlobalSection(ProjectConfigurationPlatforms) = postSolution
		{9B97B340-ED9E-47CB-8BAE-BD2F6F59B80C}.Debug|Any CPU.ActiveCfg = Debug|Any CPU
		{9B97B340-ED9E-47CB-8BAE-BD2F6F59B80C}.Debug|Any CPU.Build.0 = Debug|Any CPU
		{9B97B340-ED9E-47CB-8BAE-BD2F6F59B80C}.Release|Any CPU.ActiveCfg = Release|Any CPU
		{9B97B340-ED9E-47CB-8BAE-BD2F6F59B80C}.Release|Any CPU.Build.0 = Release|Any CPU
	EndGlobalSection
	GlobalSection(SolutionProperties) = preSolution
		HideSolutionNode = FALSE
	EndGlobalSection
	GlobalSection(ExtensibilityGlobals) = postSolution
		SolutionGuid = {E697C1EC-99EB-4381-A488-ABF0B72378D6}
	EndGlobalSection
EndGlobal
